
Microsoft Visual Studio Solution File, Format Version 12.00
# Visual Studio 15
VisualStudioVersion = 15.0.25914.0
MinimumVisualStudioVersion = 10.0.40219.1
Project("{FAE04EC0-301F-11D3-BF4B-00C04F79EFBC}") = "iRacingButtonBox", "iRacingButtonBox\iRacingButtonBox.csproj", "{0296E5EF-981B-4F73-9DDF-E67D7A9DC129}"
EndProject
Project("{FAE04EC0-301F-11D3-BF4B-00C04F79EFBC}") = "ArduinoDriver", "deps\ArduinoDriver\Source\ArduinoDriver\ArduinoDriver.csproj", "{1FE32CD3-938F-40A7-B0A5-75CF0A7254D7}"
EndProject
Project("{FAE04EC0-301F-11D3-BF4B-00C04F79EFBC}") = "iRacingSdkWrapper", "deps\iRacingSDKWrapper\iRacingSdkWrapper\iRacingSdkWrapper.csproj", "{D6DB568B-35B3-49EB-8CB3-E4E5F1424247}"
EndProject
Global
	GlobalSection(SolutionConfigurationPlatforms) = preSolution
		Debug|Any CPU = Debug|Any CPU
		Release|Any CPU = Release|Any CPU
	EndGlobalSection
	GlobalSection(ProjectConfigurationPlatforms) = postSolution
		{0296E5EF-981B-4F73-9DDF-E67D7A9DC129}.Debug|Any CPU.ActiveCfg = Debug|Any CPU
		{0296E5EF-981B-4F73-9DDF-E67D7A9DC129}.Debug|Any CPU.Build.0 = Debug|Any CPU
		{0296E5EF-981B-4F73-9DDF-E67D7A9DC129}.Release|Any CPU.ActiveCfg = Release|Any CPU
		{0296E5EF-981B-4F73-9DDF-E67D7A9DC129}.Release|Any CPU.Build.0 = Release|Any CPU
		{1FE32CD3-938F-40A7-B0A5-75CF0A7254D7}.Debug|Any CPU.ActiveCfg = Debug|Any CPU
		{1FE32CD3-938F-40A7-B0A5-75CF0A7254D7}.Debug|Any CPU.Build.0 = Debug|Any CPU
		{1FE32CD3-938F-40A7-B0A5-75CF0A7254D7}.Release|Any CPU.ActiveCfg = Release|Any CPU
		{1FE32CD3-938F-40A7-B0A5-75CF0A7254D7}.Release|Any CPU.Build.0 = Release|Any CPU
		{D6DB568B-35B3-49EB-8CB3-E4E5F1424247}.Debug|Any CPU.ActiveCfg = Debug|Any CPU
		{D6DB568B-35B3-49EB-8CB3-E4E5F1424247}.Debug|Any CPU.Build.0 = Debug|Any CPU
		{D6DB568B-35B3-49EB-8CB3-E4E5F1424247}.Release|Any CPU.ActiveCfg = Release|Any CPU
		{D6DB568B-35B3-49EB-8CB3-E4E5F1424247}.Release|Any CPU.Build.0 = Release|Any CPU
	EndGlobalSection
	GlobalSection(SolutionProperties) = preSolution
		HideSolutionNode = FALSE
	EndGlobalSection
EndGlobal
